// !$*UTF8*$!
{
	archiveVersion = 1;
	classes = {
	};
	objectVersion = 77;
	objects = {

/* Begin PBXContainerItemProxy section */
		0DAFD03F2D3821E100108C23 /* PBXContainerItemProxy */ = {
			isa = PBXContainerItemProxy;
			containerPortal = 0DAFD0262D3821E000108C23 /* Project object */;
			proxyType = 1;
			remoteGlobalIDString = 0DAFD02D2D3821E000108C23;
			remoteInfo = InnerBloom;
		};
		0DAFD0492D3821E100108C23 /* PBXContainerItemProxy */ = {
			isa = PBXContainerItemProxy;
			containerPortal = 0DAFD0262D3821E000108C23 /* Project object */;
			proxyType = 1;
			remoteGlobalIDString = 0DAFD02D2D3821E000108C23;
			remoteInfo = InnerBloom;
		};
/* End PBXContainerItemProxy section */

/* Begin PBXFileReference section */
		0DAFD02E2D3821E000108C23 /* InnerBloom.app */ = {isa = PBXFileReference; explicitFileType = wrapper.application; includeInIndex = 0; path = InnerBloom.app; sourceTree = BUILT_PRODUCTS_DIR; };
		0DAFD03E2D3821E100108C23 /* InnerBloomTests.xctest */ = {isa = PBXFileReference; explicitFileType = wrapper.cfbundle; includeInIndex = 0; path = InnerBloomTests.xctest; sourceTree = BUILT_PRODUCTS_DIR; };
		0DAFD0482D3821E100108C23 /* InnerBloomUITests.xctest */ = {isa = PBXFileReference; explicitFileType = wrapper.cfbundle; includeInIndex = 0; path = InnerBloomUITests.xctest; sourceTree = BUILT_PRODUCTS_DIR; };
/* End PBXFileReference section */

/* Begin PBXFileSystemSynchronizedRootGroup section */
		0DAFD0302D3821E000108C23 /* InnerBloom */ = {
			isa = PBXFileSystemSynchronizedRootGroup;
			path = InnerBloom;
			sourceTree = "<group>";
		};
		0DAFD0412D3821E100108C23 /* InnerBloomTests */ = {
			isa = PBXFileSystemSynchronizedRootGroup;
			path = InnerBloomTests;
			sourceTree = "<group>";
		};
		0DAFD04B2D3821E100108C23 /* InnerBloomUITests */ = {
			isa = PBXFileSystemSynchronizedRootGroup;
			path = InnerBloomUITests;
			sourceTree = "<group>";
		};
/* End PBXFileSystemSynchronizedRootGroup section */

/* Begin PBXFrameworksBuildPhase section */
		0DAFD02B2D3821E000108C23 /* Frameworks */ = {
			isa = PBXFrameworksBuildPhase;
			buildActionMask = 2147483647;
			files = (
			);
			runOnlyForDeploymentPostprocessing = 0;
		};
		0DAFD03B2D3821E100108C23 /* Frameworks */ = {
			isa = PBXFrameworksBuildPhase;
			buildActionMask = 2147483647;
			files = (
			);
			runOnlyForDeploymentPostprocessing = 0;
		};
		0DAFD0452D3821E100108C23 /* Frameworks */ = {
			isa = PBXFrameworksBuildPhase;
			buildActionMask = 2147483647;
			files = (
			);
			runOnlyForDeploymentPostprocessing = 0;
		};
/* End PBXFrameworksBuildPhase section */

/* Begin PBXGroup section */
		0DAFD0252D3821E000108C23 = {
			isa = PBXGroup;
			children = (
				0DAFD0302D3821E000108C23 /* InnerBloom */,
				0DAFD0412D3821E100108C23 /* InnerBloomTests */,
				0DAFD04B2D3821E100108C23 /* InnerBloomUITests */,
				0DAFD02F2D3821E000108C23 /* Products */,
			);
			sourceTree = "<group>";
		};
		0DAFD02F2D3821E000108C23 /* Products */ = {
			isa = PBXGroup;
			children = (
				0DAFD02E2D3821E000108C23 /* InnerBloom.app */,
				0DAFD03E2D3821E100108C23 /* InnerBloomTests.xctest */,
				0DAFD0482D3821E100108C23 /* InnerBloomUITests.xctest */,
			);
			name = Products;
			sourceTree = "<group>";
		};
/* End PBXGroup section */

/* Begin PBXNativeTarget section */
		0DAFD02D2D3821E000108C23 /* InnerBloom */ = {
			isa = PBXNativeTarget;
			buildConfigurationList = 0DAFD0522D3821E100108C23 /* Build configuration list for PBXNativeTarget "InnerBloom" */;
			buildPhases = (
				0DAFD02A2D3821E000108C23 /* Sources */,
				0DAFD02B2D3821E000108C23 /* Frameworks */,
				0DAFD02C2D3821E000108C23 /* Resources */,
			);
			buildRules = (
			);
			dependencies = (
			);
			fileSystemSynchronizedGroups = (
				0DAFD0302D3821E000108C23 /* InnerBloom */,
			);
			name = InnerBloom;
			packageProductDependencies = (
			);
			productName = InnerBloom;
			productReference = 0DAFD02E2D3821E000108C23 /* InnerBloom.app */;
			productType = "com.apple.product-type.application";
		};
		0DAFD03D2D3821E100108C23 /* InnerBloomTests */ = {
			isa = PBXNativeTarget;
			buildConfigurationList = 0DAFD0552D3821E100108C23 /* Build configuration list for PBXNativeTarget "InnerBloomTests" */;
			buildPhases = (
				0DAFD03A2D3821E100108C23 /* Sources */,
				0DAFD03B2D3821E100108C23 /* Frameworks */,
				0DAFD03C2D3821E100108C23 /* Resources */,
			);
			buildRules = (
			);
			dependencies = (
				0DAFD0402D3821E100108C23 /* PBXTargetDependency */,
			);
			fileSystemSynchronizedGroups = (
				0DAFD0412D3821E100108C23 /* InnerBloomTests */,
			);
			name = InnerBloomTests;
			packageProductDependencies = (
			);
			productName = InnerBloomTests;
			productReference = 0DAFD03E2D3821E100108C23 /* InnerBloomTests.xctest */;
			productType = "com.apple.product-type.bundle.unit-test";
		};
		0DAFD0472D3821E100108C23 /* InnerBloomUITests */ = {
			isa = PBXNativeTarget;
			buildConfigurationList = 0DAFD0582D3821E100108C23 /* Build configuration list for PBXNativeTarget "InnerBloomUITests" */;
			buildPhases = (
				0DAFD0442D3821E100108C23 /* Sources */,
				0DAFD0452D3821E100108C23 /* Frameworks */,
				0DAFD0462D3821E100108C23 /* Resources */,
			);
			buildRules = (
			);
			dependencies = (
				0DAFD04A2D3821E100108C23 /* PBXTargetDependency */,
			);
			fileSystemSynchronizedGroups = (
				0DAFD04B2D3821E100108C23 /* InnerBloomUITests */,
			);
			name = InnerBloomUITests;
			packageProductDependencies = (
			);
			productName = InnerBloomUITests;
			productReference = 0DAFD0482D3821E100108C23 /* InnerBloomUITests.xctest */;
			productType = "com.apple.product-type.bundle.ui-testing";
		};
/* End PBXNativeTarget section */

/* Begin PBXProject section */
		0DAFD0262D3821E000108C23 /* Project object */ = {
			isa = PBXProject;
			attributes = {
				BuildIndependentTargetsInParallel = 1;
				LastSwiftUpdateCheck = 1620;
				LastUpgradeCheck = 1620;
				TargetAttributes = {
					0DAFD02D2D3821E000108C23 = {
						CreatedOnToolsVersion = 16.2;
					};
					0DAFD03D2D3821E100108C23 = {
						CreatedOnToolsVersion = 16.2;
						TestTargetID = 0DAFD02D2D3821E000108C23;
					};
					0DAFD0472D3821E100108C23 = {
						CreatedOnToolsVersion = 16.2;
						TestTargetID = 0DAFD02D2D3821E000108C23;
					};
				};
			};
			buildConfigurationList = 0DAFD0292D3821E000108C23 /* Build configuration list for PBXProject "InnerBloom" */;
			developmentRegion = en;
			hasScannedForEncodings = 0;
			knownRegions = (
				en,
				Base,
			);
			mainGroup = 0DAFD0252D3821E000108C23;
			minimizedProjectReferenceProxies = 1;
			preferredProjectObjectVersion = 77;
			productRefGroup = 0DAFD02F2D3821E000108C23 /* Products */;
			projectDirPath = "";
			projectRoot = "";
			targets = (
				0DAFD02D2D3821E000108C23 /* InnerBloom */,
				0DAFD03D2D3821E100108C23 /* InnerBloomTests */,
				0DAFD0472D3821E100108C23 /* InnerBloomUITests */,
			);
		};
/* End PBXProject section */

/* Begin PBXResourcesBuildPhase section */
		0DAFD02C2D3821E000108C23 /* Resources */ = {
			isa = PBXResourcesBuildPhase;
			buildActionMask = 2147483647;
			files = (
			);
			runOnlyForDeploymentPostprocessing = 0;
		};
		0DAFD03C2D3821E100108C23 /* Resources */ = {
			isa = PBXResourcesBuildPhase;
			buildActionMask = 2147483647;
			files = (
			);
			runOnlyForDeploymentPostprocessing = 0;
		};
		0DAFD0462D3821E100108C23 /* Resources */ = {
			isa = PBXResourcesBuildPhase;
			buildActionMask = 2147483647;
			files = (
			);
			runOnlyForDeploymentPostprocessing = 0;
		};
/* End PBXResourcesBuildPhase section */

/* Begin PBXSourcesBuildPhase section */
		0DAFD02A2D3821E000108C23 /* Sources */ = {
			isa = PBXSourcesBuildPhase;
			buildActionMask = 2147483647;
			files = (
			);
			runOnlyForDeploymentPostprocessing = 0;
		};
		0DAFD03A2D3821E100108C23 /* Sources */ = {
			isa = PBXSourcesBuildPhase;
			buildActionMask = 2147483647;
			files = (
			);
			runOnlyForDeploymentPostprocessing = 0;
		};
		0DAFD0442D3821E100108C23 /* Sources */ = {
			isa = PBXSourcesBuildPhase;
			buildActionMask = 2147483647;
			files = (
			);
			runOnlyForDeploymentPostprocessing = 0;
		};
/* End PBXSourcesBuildPhase section */

/* Begin PBXTargetDependency section */
		0DAFD0402D3821E100108C23 /* PBXTargetDependency */ = {
			isa = PBXTargetDependency;
			target = 0DAFD02D2D3821E000108C23 /* InnerBloom */;
			targetProxy = 0DAFD03F2D3821E100108C23 /* PBXContainerItemProxy */;
		};
		0DAFD04A2D3821E100108C23 /* PBXTargetDependency */ = {
			isa = PBXTargetDependency;
			target = 0DAFD02D2D3821E000108C23 /* InnerBloom */;
			targetProxy = 0DAFD0492D3821E100108C23 /* PBXContainerItemProxy */;
		};
/* End PBXTargetDependency section */

/* Begin XCBuildConfiguration section */
		0DAFD0502D3821E100108C23 /* Debug */ = {
			isa = XCBuildConfiguration;
			buildSettings = {
				ALWAYS_SEARCH_USER_PATHS = NO;
				ASSETCATALOG_COMPILER_GENERATE_SWIFT_ASSET_SYMBOL_EXTENSIONS = YES;
				CLANG_ANALYZER_NONNULL = YES;
				CLANG_ANALYZER_NUMBER_OBJECT_CONVERSION = YES_AGGRESSIVE;
				CLANG_CXX_LANGUAGE_STANDARD = "gnu++20";
				CLANG_ENABLE_MODULES = YES;
				CLANG_ENABLE_OBJC_ARC = YES;
				CLANG_ENABLE_OBJC_WEAK = YES;
				CLANG_WARN_BLOCK_CAPTURE_AUTORELEASING = YES;
				CLANG_WARN_BOOL_CONVERSION = YES;
				CLANG_WARN_COMMA = YES;
				CLANG_WARN_CONSTANT_CONVERSION = YES;
				CLANG_WARN_DEPRECATED_OBJC_IMPLEMENTATIONS = YES;
				CLANG_WARN_DIRECT_OBJC_ISA_USAGE = YES_ERROR;
				CLANG_WARN_DOCUMENTATION_COMMENTS = YES;
				CLANG_WARN_EMPTY_BODY = YES;
				CLANG_WARN_ENUM_CONVERSION = YES;
				CLANG_WARN_INFINITE_RECURSION = YES;
				CLANG_WARN_INT_CONVERSION = YES;
				CLANG_WARN_NON_LITERAL_NULL_CONVERSION = YES;
				CLANG_WARN_OBJC_IMPLICIT_RETAIN_SELF = YES;
				CLANG_WARN_OBJC_LITERAL_CONVERSION = YES;
				CLANG_WARN_OBJC_ROOT_CLASS = YES_ERROR;
				CLANG_WARN_QUOTED_INCLUDE_IN_FRAMEWORK_HEADER = YES;
				CLANG_WARN_RANGE_LOOP_ANALYSIS = YES;
				CLANG_WARN_STRICT_PROTOTYPES = YES;
				CLANG_WARN_SUSPICIOUS_MOVE = YES;
				CLANG_WARN_UNGUARDED_AVAILABILITY = YES_AGGRESSIVE;
				CLANG_WARN_UNREACHABLE_CODE = YES;
				CLANG_WARN__DUPLICATE_METHOD_MATCH = YES;
				COPY_PHASE_STRIP = NO;
				DEBUG_INFORMATION_FORMAT = dwarf;
				ENABLE_STRICT_OBJC_MSGSEND = YES;
				ENABLE_TESTABILITY = YES;
				ENABLE_USER_SCRIPT_SANDBOXING = YES;
				GCC_C_LANGUAGE_STANDARD = gnu17;
				GCC_DYNAMIC_NO_PIC = NO;
				GCC_NO_COMMON_BLOCKS = YES;
				GCC_OPTIMIZATION_LEVEL = 0;
				GCC_PREPROCESSOR_DEFINITIONS = (
					"DEBUG=1",
					"$(inherited)",
				);
				GCC_WARN_64_TO_32_BIT_CONVERSION = YES;
				GCC_WARN_ABOUT_RETURN_TYPE = YES_ERROR;
				GCC_WARN_UNDECLARED_SELECTOR = YES;
				GCC_WARN_UNINITIALIZED_AUTOS = YES_AGGRESSIVE;
				GCC_WARN_UNUSED_FUNCTION = YES;
				GCC_WARN_UNUSED_VARIABLE = YES;
				IPHONEOS_DEPLOYMENT_TARGET = 18.2;
				LOCALIZATION_PREFERS_STRING_CATALOGS = YES;
				MTL_ENABLE_DEBUG_INFO = INCLUDE_SOURCE;
				MTL_FAST_MATH = YES;
				ONLY_ACTIVE_ARCH = YES;
				SDKROOT = iphoneos;
				SWIFT_ACTIVE_COMPILATION_CONDITIONS = "DEBUG $(inherited)";
				SWIFT_OPTIMIZATION_LEVEL = "-Onone";
			};
			name = Debug;
		};
		0DAFD0512D3821E100108C23 /* Release */ = {
			isa = XCBuildConfiguration;
			buildSettings = {
				ALWAYS_SEARCH_USER_PATHS = NO;
				ASSETCATALOG_COMPILER_GENERATE_SWIFT_ASSET_SYMBOL_EXTENSIONS = YES;
				CLANG_ANALYZER_NONNULL = YES;
				CLANG_ANALYZER_NUMBER_OBJECT_CONVERSION = YES_AGGRESSIVE;
				CLANG_CXX_LANGUAGE_STANDARD = "gnu++20";
				CLANG_ENABLE_MODULES = YES;
				CLANG_ENABLE_OBJC_ARC = YES;
				CLANG_ENABLE_OBJC_WEAK = YES;
				CLANG_WARN_BLOCK_CAPTURE_AUTORELEASING = YES;
				CLANG_WARN_BOOL_CONVERSION = YES;
				CLANG_WARN_COMMA = YES;
				CLANG_WARN_CONSTANT_CONVERSION = YES;
				CLANG_WARN_DEPRECATED_OBJC_IMPLEMENTATIONS = YES;
				CLANG_WARN_DIRECT_OBJC_ISA_USAGE = YES_ERROR;
				CLANG_WARN_DOCUMENTATION_COMMENTS = YES;
				CLANG_WARN_EMPTY_BODY = YES;
				CLANG_WARN_ENUM_CONVERSION = YES;
				CLANG_WARN_INFINITE_RECURSION = YES;
				CLANG_WARN_INT_CONVERSION = YES;
				CLANG_WARN_NON_LITERAL_NULL_CONVERSION = YES;
				CLANG_WARN_OBJC_IMPLICIT_RETAIN_SELF = YES;
				CLANG_WARN_OBJC_LITERAL_CONVERSION = YES;
				CLANG_WARN_OBJC_ROOT_CLASS = YES_ERROR;
				CLANG_WARN_QUOTED_INCLUDE_IN_FRAMEWORK_HEADER = YES;
				CLANG_WARN_RANGE_LOOP_ANALYSIS = YES;
				CLANG_WARN_STRICT_PROTOTYPES = YES;
				CLANG_WARN_SUSPICIOUS_MOVE = YES;
				CLANG_WARN_UNGUARDED_AVAILABILITY = YES_AGGRESSIVE;
				CLANG_WARN_UNREACHABLE_CODE = YES;
				CLANG_WARN__DUPLICATE_METHOD_MATCH = YES;
				COPY_PHASE_STRIP = NO;
				DEBUG_INFORMATION_FORMAT = "dwarf-with-dsym";
				ENABLE_NS_ASSERTIONS = NO;
				ENABLE_STRICT_OBJC_MSGSEND = YES;
				ENABLE_USER_SCRIPT_SANDBOXING = YES;
				GCC_C_LANGUAGE_STANDARD = gnu17;
				GCC_NO_COMMON_BLOCKS = YES;
				GCC_WARN_64_TO_32_BIT_CONVERSION = YES;
				GCC_WARN_ABOUT_RETURN_TYPE = YES_ERROR;
				GCC_WARN_UNDECLARED_SELECTOR = YES;
				GCC_WARN_UNINITIALIZED_AUTOS = YES_AGGRESSIVE;
				GCC_WARN_UNUSED_FUNCTION = YES;
				GCC_WARN_UNUSED_VARIABLE = YES;
				IPHONEOS_DEPLOYMENT_TARGET = 18.2;
				LOCALIZATION_PREFERS_STRING_CATALOGS = YES;
				MTL_ENABLE_DEBUG_INFO = NO;
				MTL_FAST_MATH = YES;
				SDKROOT = iphoneos;
				SWIFT_COMPILATION_MODE = wholemodule;
				VALIDATE_PRODUCT = YES;
			};
			name = Release;
		};
		0DAFD0532D3821E100108C23 /* Debug */ = {
			isa = XCBuildConfiguration;
			buildSettings = {
				ASSETCATALOG_COMPILER_APPICON_NAME = AppIcon;
				ASSETCATALOG_COMPILER_GLOBAL_ACCENT_COLOR_NAME = AccentColor;
				CODE_SIGN_STYLE = Automatic;
				CURRENT_PROJECT_VERSION = 1;
				DEVELOPMENT_ASSET_PATHS = "\"InnerBloom/Preview Content\"";
				DEVELOPMENT_TEAM = URYPGSR44J;
				ENABLE_PREVIEWS = YES;
				GENERATE_INFOPLIST_FILE = YES;
				INFOPLIST_KEY_UIApplicationSceneManifest_Generation = YES;
				INFOPLIST_KEY_UIApplicationSupportsIndirectInputEvents = YES;
				INFOPLIST_KEY_UILaunchScreen_Generation = YES;
				INFOPLIST_KEY_UISupportedInterfaceOrientations_iPad = "UIInterfaceOrientationPortrait UIInterfaceOrientationPortraitUpsideDown UIInterfaceOrientationLandscapeLeft UIInterfaceOrientationLandscapeRight";
				INFOPLIST_KEY_UISupportedInterfaceOrientations_iPhone = "UIInterfaceOrientationPortrait UIInterfaceOrientationLandscapeLeft UIInterfaceOrientationLandscapeRight";
				LD_RUNPATH_SEARCH_PATHS = (
					"$(inherited)",
					"@executable_path/Frameworks",
				);
				MARKETING_VERSION = 1.0;
				PRODUCT_BUNDLE_IDENTIFIER = com.EyasuSmieja..InnerBloom;
				PRODUCT_NAME = "$(TARGET_NAME)";
				SWIFT_EMIT_LOC_STRINGS = YES;
				SWIFT_VERSION = 5.0;
				TARGETED_DEVICE_FAMILY = "1,2";
			};
			name = Debug;
		};
		0DAFD0542D3821E100108C23 /* Release */ = {
			isa = XCBuildConfiguration;
			buildSettings = {
				ASSETCATALOG_COMPILER_APPICON_NAME = AppIcon;
				ASSETCATALOG_COMPILER_GLOBAL_ACCENT_COLOR_NAME = AccentColor;
				CODE_SIGN_STYLE = Automatic;
				CURRENT_PROJECT_VERSION = 1;
				DEVELOPMENT_ASSET_PATHS = "\"InnerBloom/Preview Content\"";
				DEVELOPMENT_TEAM = URYPGSR44J;
				ENABLE_PREVIEWS = YES;
				GENERATE_INFOPLIST_FILE = YES;
				INFOPLIST_KEY_UIApplicationSceneManifest_Generation = YES;
				INFOPLIST_KEY_UIApplicationSupportsIndirectInputEvents = YES;
				INFOPLIST_KEY_UILaunchScreen_Generation = YES;
				INFOPLIST_KEY_UISupportedInterfaceOrientations_iPad = "UIInterfaceOrientationPortrait UIInterfaceOrientationPortraitUpsideDown UIInterfaceOrientationLandscapeLeft UIInterfaceOrientationLandscapeRight";
				INFOPLIST_KEY_UISupportedInterfaceOrientations_iPhone = "UIInterfaceOrientationPortrait UIInterfaceOrientationLandscapeLeft UIInterfaceOrientationLandscapeRight";
				LD_RUNPATH_SEARCH_PATHS = (
					"$(inherited)",
					"@executable_path/Frameworks",
				);
				MARKETING_VERSION = 1.0;
				PRODUCT_BUNDLE_IDENTIFIER = com.EyasuSmieja..InnerBloom;
				PRODUCT_NAME = "$(TARGET_NAME)";
				SWIFT_EMIT_LOC_STRINGS = YES;
				SWIFT_VERSION = 5.0;
				TARGETED_DEVICE_FAMILY = "1,2";
			};
			name = Release;
		};
		0DAFD0562D3821E100108C23 /* Debug */ = {
			isa = XCBuildConfiguration;
			buildSettings = {
				BUNDLE_LOADER = "$(TEST_HOST)";
				CODE_SIGN_STYLE = Automatic;
				CURRENT_PROJECT_VERSION = 1;
				DEVELOPMENT_TEAM = URYPGSR44J;
				GENERATE_INFOPLIST_FILE = YES;
				IPHONEOS_DEPLOYMENT_TARGET = 18.2;
				MARKETING_VERSION = 1.0;
				PRODUCT_BUNDLE_IDENTIFIER = com.EyasuSmieja..InnerBloomTests;
				PRODUCT_NAME = "$(TARGET_NAME)";
				SWIFT_EMIT_LOC_STRINGS = NO;
				SWIFT_VERSION = 5.0;
				TARGETED_DEVICE_FAMILY = "1,2";
				TEST_HOST = "$(BUILT_PRODUCTS_DIR)/InnerBloom.app/$(BUNDLE_EXECUTABLE_FOLDER_PATH)/InnerBloom";
			};
			name = Debug;
		};
		0DAFD0572D3821E100108C23 /* Release */ = {
			isa = XCBuildConfiguration;
			buildSettings = {
				BUNDLE_LOADER = "$(TEST_HOST)";
				CODE_SIGN_STYLE = Automatic;
				CURRENT_PROJECT_VERSION = 1;
				DEVELOPMENT_TEAM = URYPGSR44J;
				GENERATE_INFOPLIST_FILE = YES;
				IPHONEOS_DEPLOYMENT_TARGET = 18.2;
				MARKETING_VERSION = 1.0;
				PRODUCT_BUNDLE_IDENTIFIER = com.EyasuSmieja..InnerBloomTests;
				PRODUCT_NAME = "$(TARGET_NAME)";
				SWIFT_EMIT_LOC_STRINGS = NO;
				SWIFT_VERSION = 5.0;
				TARGETED_DEVICE_FAMILY = "1,2";
				TEST_HOST = "$(BUILT_PRODUCTS_DIR)/InnerBloom.app/$(BUNDLE_EXECUTABLE_FOLDER_PATH)/InnerBloom";
			};
			name = Release;
		};
		0DAFD0592D3821E100108C23 /* Debug */ = {
			isa = XCBuildConfiguration;
			buildSettings = {
				CODE_SIGN_STYLE = Automatic;
				CURRENT_PROJECT_VERSION = 1;
				DEVELOPMENT_TEAM = URYPGSR44J;
				GENERATE_INFOPLIST_FILE = YES;
				MARKETING_VERSION = 1.0;
				PRODUCT_BUNDLE_IDENTIFIER = com.EyasuSmieja..InnerBloomUITests;
				PRODUCT_NAME = "$(TARGET_NAME)";
				SWIFT_EMIT_LOC_STRINGS = NO;
				SWIFT_VERSION = 5.0;
				TARGETED_DEVICE_FAMILY = "1,2";
				TEST_TARGET_NAME = InnerBloom;
			};
			name = Debug;
		};
		0DAFD05A2D3821E100108C23 /* Release */ = {
			isa = XCBuildConfiguration;
			buildSettings = {
				CODE_SIGN_STYLE = Automatic;
				CURRENT_PROJECT_VERSION = 1;
				DEVELOPMENT_TEAM = URYPGSR44J;
				GENERATE_INFOPLIST_FILE = YES;
				MARKETING_VERSION = 1.0;
				PRODUCT_BUNDLE_IDENTIFIER = com.EyasuSmieja..InnerBloomUITests;
				PRODUCT_NAME = "$(TARGET_NAME)";
				SWIFT_EMIT_LOC_STRINGS = NO;
				SWIFT_VERSION = 5.0;
				TARGETED_DEVICE_FAMILY = "1,2";
				TEST_TARGET_NAME = InnerBloom;
			};
			name = Release;
		};
/* End XCBuildConfiguration section */

/* Begin XCConfigurationList section */
		0DAFD0292D3821E000108C23 /* Build configuration list for PBXProject "InnerBloom" */ = {
			isa = XCConfigurationList;
			buildConfigurations = (
				0DAFD0502D3821E100108C23 /* Debug */,
				0DAFD0512D3821E100108C23 /* Release */,
			);
			defaultConfigurationIsVisible = 0;
			defaultConfigurationName = Release;
		};
		0DAFD0522D3821E100108C23 /* Build configuration list for PBXNativeTarget "InnerBloom" */ = {
			isa = XCConfigurationList;
			buildConfigurations = (
				0DAFD0532D3821E100108C23 /* Debug */,
				0DAFD0542D3821E100108C23 /* Release */,
			);
			defaultConfigurationIsVisible = 0;
			defaultConfigurationName = Release;
		};
		0DAFD0552D3821E100108C23 /* Build configuration list for PBXNativeTarget "InnerBloomTests" */ = {
			isa = XCConfigurationList;
			buildConfigurations = (
				0DAFD0562D3821E100108C23 /* Debug */,
				0DAFD0572D3821E100108C23 /* Release */,
			);
			defaultConfigurationIsVisible = 0;
			defaultConfigurationName = Release;
		};
		0DAFD0582D3821E100108C23 /* Build configuration list for PBXNativeTarget "InnerBloomUITests" */ = {
			isa = XCConfigurationList;
			buildConfigurations = (
				0DAFD0592D3821E100108C23 /* Debug */,
				0DAFD05A2D3821E100108C23 /* Release */,
			);
			defaultConfigurationIsVisible = 0;
			defaultConfigurationName = Release;
		};
/* End XCConfigurationList section */
	};
	rootObject = 0DAFD0262D3821E000108C23 /* Project object */;
}
